
Microsoft Visual Studio Solution File, Format Version 12.00
# Visual Studio Version 16
VisualStudioVersion = 16.0.29306.81
MinimumVisualStudioVersion = 10.0.40219.1
Project("{FAE04EC0-301F-11D3-BF4B-00C04F79EFBC}") = "Sistema_De_Chamados", "Sistema_De_Chamados\Sistema_De_Chamados.csproj", "{50DB8F45-1EF0-428B-915A-90BF845AA029}"
EndProject
Global
	GlobalSection(SolutionConfigurationPlatforms) = preSolution
		Debug|Any CPU = Debug|Any CPU
		Release|Any CPU = Release|Any CPU
	EndGlobalSection
	GlobalSection(ProjectConfigurationPlatforms) = postSolution
		{50DB8F45-1EF0-428B-915A-90BF845AA029}.Debug|Any CPU.ActiveCfg = Debug|Any CPU
		{50DB8F45-1EF0-428B-915A-90BF845AA029}.Debug|Any CPU.Build.0 = Debug|Any CPU
		{50DB8F45-1EF0-428B-915A-90BF845AA029}.Release|Any CPU.ActiveCfg = Release|Any CPU
		{50DB8F45-1EF0-428B-915A-90BF845AA029}.Release|Any CPU.Build.0 = Release|Any CPU
	EndGlobalSection
	GlobalSection(SolutionProperties) = preSolution
		HideSolutionNode = FALSE
	EndGlobalSection
	GlobalSection(ExtensibilityGlobals) = postSolution
		SolutionGuid = {63EE9EB0-134D-4E00-A04D-3C4801F7BA40}
	EndGlobalSection
EndGlobal
